
Microsoft Visual Studio Solution File, Format Version 12.00
# Visual Studio 15
VisualStudioVersion = 15.0.28307.572
MinimumVisualStudioVersion = 10.0.40219.1
Project("{FAE04EC0-301F-11D3-BF4B-00C04F79EFBC}") = "TodoApi", "TodoApi\TodoApi.csproj", "{5849A59F-593F-497B-88C2-705AD2E19BAE}"
EndProject
Global
	GlobalSection(SolutionConfigurationPlatforms) = preSolution
		Debug|Any CPU = Debug|Any CPU
		Release|Any CPU = Release|Any CPU
	EndGlobalSection
	GlobalSection(ProjectConfigurationPlatforms) = postSolution
		{5849A59F-593F-497B-88C2-705AD2E19BAE}.Debug|Any CPU.ActiveCfg = Debug|Any CPU
		{5849A59F-593F-497B-88C2-705AD2E19BAE}.Debug|Any CPU.Build.0 = Debug|Any CPU
		{5849A59F-593F-497B-88C2-705AD2E19BAE}.Release|Any CPU.ActiveCfg = Release|Any CPU
		{5849A59F-593F-497B-88C2-705AD2E19BAE}.Release|Any CPU.Build.0 = Release|Any CPU
	EndGlobalSection
	GlobalSection(SolutionProperties) = preSolution
		HideSolutionNode = FALSE
	EndGlobalSection
	GlobalSection(ExtensibilityGlobals) = postSolution
		SolutionGuid = {F4A5B666-AF79-4D1E-9C85-4318F39A990B}
	EndGlobalSection
EndGlobal
