
Microsoft Visual Studio Solution File, Format Version 12.00
# Visual Studio 15
VisualStudioVersion = 15.0.28307.572
MinimumVisualStudioVersion = 10.0.40219.1
Project("{FAE04EC0-301F-11D3-BF4B-00C04F79EFBC}") = "StudentRegistrationDemo", "StudentRegistrationDemo\StudentRegistrationDemo.csproj", "{8F79BA58-129F-4769-8EC3-4EB639BCD08F}"
EndProject
Global
	GlobalSection(SolutionConfigurationPlatforms) = preSolution
		Debug|Any CPU = Debug|Any CPU
		Release|Any CPU = Release|Any CPU
	EndGlobalSection
	GlobalSection(ProjectConfigurationPlatforms) = postSolution
		{8F79BA58-129F-4769-8EC3-4EB639BCD08F}.Debug|Any CPU.ActiveCfg = Debug|Any CPU
		{8F79BA58-129F-4769-8EC3-4EB639BCD08F}.Debug|Any CPU.Build.0 = Debug|Any CPU
		{8F79BA58-129F-4769-8EC3-4EB639BCD08F}.Release|Any CPU.ActiveCfg = Release|Any CPU
		{8F79BA58-129F-4769-8EC3-4EB639BCD08F}.Release|Any CPU.Build.0 = Release|Any CPU
	EndGlobalSection
	GlobalSection(SolutionProperties) = preSolution
		HideSolutionNode = FALSE
	EndGlobalSection
	GlobalSection(ExtensibilityGlobals) = postSolution
		SolutionGuid = {C75B527E-4309-434E-A090-933711F1400B}
	EndGlobalSection
EndGlobal
